
Microsoft Visual Studio Solution File, Format Version 12.00
# Visual Studio Version 17
VisualStudioVersion = 17.3.32804.467
MinimumVisualStudioVersion = 10.0.40219.1
Project("{FAE04EC0-301F-11D3-BF4B-00C04F79EFBC}") = "MyHospitalSecure", "MyHospitalSecure\MyHospitalSecure.csproj", "{570B56E4-52EA-4FCB-AFEE-2D4BE3855285}"
EndProject
Global
	GlobalSection(SolutionConfigurationPlatforms) = preSolution
		Debug|Any CPU = Debug|Any CPU
		Release|Any CPU = Release|Any CPU
	EndGlobalSection
	GlobalSection(ProjectConfigurationPlatforms) = postSolution
		{570B56E4-52EA-4FCB-AFEE-2D4BE3855285}.Debug|Any CPU.ActiveCfg = Debug|Any CPU
		{570B56E4-52EA-4FCB-AFEE-2D4BE3855285}.Debug|Any CPU.Build.0 = Debug|Any CPU
		{570B56E4-52EA-4FCB-AFEE-2D4BE3855285}.Release|Any CPU.ActiveCfg = Release|Any CPU
		{570B56E4-52EA-4FCB-AFEE-2D4BE3855285}.Release|Any CPU.Build.0 = Release|Any CPU
	EndGlobalSection
	GlobalSection(SolutionProperties) = preSolution
		HideSolutionNode = FALSE
	EndGlobalSection
	GlobalSection(ExtensibilityGlobals) = postSolution
		SolutionGuid = {C31800C3-C3B6-459D-823E-D9ED57FE6AE4}
	EndGlobalSection
EndGlobal
